// !$*UTF8*$!
{
	archiveVersion = 1;
	classes = {
	};
	objectVersion = 50;
	objects = {

/* Begin PBXBuildFile section */
		AA6D0E4926A4D35800B96BD6 /* TrackMyMedicationsApp.swift in Sources */ = {isa = PBXBuildFile; fileRef = AA6D0E4826A4D35800B96BD6 /* TrackMyMedicationsApp.swift */; };
		AA6D0E4B26A4D35800B96BD6 /* ContentView.swift in Sources */ = {isa = PBXBuildFile; fileRef = AA6D0E4A26A4D35800B96BD6 /* ContentView.swift */; };
		AA6D0E4D26A4D35A00B96BD6 /* Assets.xcassets in Resources */ = {isa = PBXBuildFile; fileRef = AA6D0E4C26A4D35A00B96BD6 /* Assets.xcassets */; };
		AA6D0E5026A4D35A00B96BD6 /* Preview Assets.xcassets in Resources */ = {isa = PBXBuildFile; fileRef = AA6D0E4F26A4D35A00B96BD6 /* Preview Assets.xcassets */; };
		AA6D0E5826A4D37100B96BD6 /* Menu.swift in Sources */ = {isa = PBXBuildFile; fileRef = AA6D0E5726A4D37100B96BD6 /* Menu.swift */; };
		AA6D0E5A26A4D51800B96BD6 /* Helper.swift in Sources */ = {isa = PBXBuildFile; fileRef = AA6D0E5926A4D51800B96BD6 /* Helper.swift */; };
		AA6D0E5C26A4D52400B96BD6 /* menu.json in Resources */ = {isa = PBXBuildFile; fileRef = AA6D0E5B26A4D52400B96BD6 /* menu.json */; };
		AA6D0E5E26A4D9E500B96BD6 /* MedicationView.swift in Sources */ = {isa = PBXBuildFile; fileRef = AA6D0E5D26A4D9E500B96BD6 /* MedicationView.swift */; };
		AA6D0E6026A4DA0100B96BD6 /* HistoryView.swift in Sources */ = {isa = PBXBuildFile; fileRef = AA6D0E5F26A4DA0100B96BD6 /* HistoryView.swift */; };
		AA6D0E6226A4DB6D00B96BD6 /* MedicationRow.swift in Sources */ = {isa = PBXBuildFile; fileRef = AA6D0E6126A4DB6D00B96BD6 /* MedicationRow.swift */; };
		AA6D0E6426A4DBC900B96BD6 /* MedicationDetail.swift in Sources */ = {isa = PBXBuildFile; fileRef = AA6D0E6326A4DBC900B96BD6 /* MedicationDetail.swift */; };
		AA6D0E6826A500BF00B96BD6 /* History.swift in Sources */ = {isa = PBXBuildFile; fileRef = AA6D0E6726A500BF00B96BD6 /* History.swift */; };
		AA6D0E6A26A516A100B96BD6 /* ResetMedicationsView.swift in Sources */ = {isa = PBXBuildFile; fileRef = AA6D0E6926A516A100B96BD6 /* ResetMedicationsView.swift */; };
/* End PBXBuildFile section */

/* Begin PBXFileReference section */
		AA6D0E4526A4D35800B96BD6 /* TrackMyMedications.app */ = {isa = PBXFileReference; explicitFileType = wrapper.application; includeInIndex = 0; path = TrackMyMedications.app; sourceTree = BUILT_PRODUCTS_DIR; };
		AA6D0E4826A4D35800B96BD6 /* TrackMyMedicationsApp.swift */ = {isa = PBXFileReference; lastKnownFileType = sourcecode.swift; path = TrackMyMedicationsApp.swift; sourceTree = "<group>"; };
		AA6D0E4A26A4D35800B96BD6 /* ContentView.swift */ = {isa = PBXFileReference; lastKnownFileType = sourcecode.swift; path = ContentView.swift; sourceTree = "<group>"; };
		AA6D0E4C26A4D35A00B96BD6 /* Assets.xcassets */ = {isa = PBXFileReference; lastKnownFileType = folder.assetcatalog; path = Assets.xcassets; sourceTree = "<group>"; };
		AA6D0E4F26A4D35A00B96BD6 /* Preview Assets.xcassets */ = {isa = PBXFileReference; lastKnownFileType = folder.assetcatalog; path = "Preview Assets.xcassets"; sourceTree = "<group>"; };
		AA6D0E5126A4D35A00B96BD6 /* Info.plist */ = {isa = PBXFileReference; lastKnownFileType = text.plist.xml; path = Info.plist; sourceTree = "<group>"; };
		AA6D0E5726A4D37100B96BD6 /* Menu.swift */ = {isa = PBXFileReference; fileEncoding = 4; lastKnownFileType = sourcecode.swift; path = Menu.swift; sourceTree = "<group>"; };
		AA6D0E5926A4D51800B96BD6 /* Helper.swift */ = {isa = PBXFileReference; fileEncoding = 4; lastKnownFileType = sourcecode.swift; path = Helper.swift; sourceTree = "<group>"; };
		AA6D0E5B26A4D52400B96BD6 /* menu.json */ = {isa = PBXFileReference; fileEncoding = 4; lastKnownFileType = text.json; path = menu.json; sourceTree = "<group>"; };
		AA6D0E5D26A4D9E500B96BD6 /* MedicationView.swift */ = {isa = PBXFileReference; lastKnownFileType = sourcecode.swift; path = MedicationView.swift; sourceTree = "<group>"; };
		AA6D0E5F26A4DA0100B96BD6 /* HistoryView.swift */ = {isa = PBXFileReference; lastKnownFileType = sourcecode.swift; path = HistoryView.swift; sourceTree = "<group>"; };
		AA6D0E6126A4DB6D00B96BD6 /* MedicationRow.swift */ = {isa = PBXFileReference; lastKnownFileType = sourcecode.swift; path = MedicationRow.swift; sourceTree = "<group>"; };
		AA6D0E6326A4DBC900B96BD6 /* MedicationDetail.swift */ = {isa = PBXFileReference; lastKnownFileType = sourcecode.swift; path = MedicationDetail.swift; sourceTree = "<group>"; };
		AA6D0E6726A500BF00B96BD6 /* History.swift */ = {isa = PBXFileReference; lastKnownFileType = sourcecode.swift; path = History.swift; sourceTree = "<group>"; };
		AA6D0E6926A516A100B96BD6 /* ResetMedicationsView.swift */ = {isa = PBXFileReference; lastKnownFileType = sourcecode.swift; path = ResetMedicationsView.swift; sourceTree = "<group>"; };
		AA6D0E6B26A6688600B96BD6 /* TrackMyMedications.entitlements */ = {isa = PBXFileReference; lastKnownFileType = text.plist.entitlements; path = TrackMyMedications.entitlements; sourceTree = "<group>"; };
/* End PBXFileReference section */

/* Begin PBXFrameworksBuildPhase section */
		AA6D0E4226A4D35800B96BD6 /* Frameworks */ = {
			isa = PBXFrameworksBuildPhase;
			buildActionMask = 2147483647;
			files = (
			);
			runOnlyForDeploymentPostprocessing = 0;
		};
/* End PBXFrameworksBuildPhase section */

/* Begin PBXGroup section */
		AA6D0E3C26A4D35800B96BD6 = {
			isa = PBXGroup;
			children = (
				AA6D0E4726A4D35800B96BD6 /* TrackMyMedications */,
				AA6D0E4626A4D35800B96BD6 /* Products */,
			);
			sourceTree = "<group>";
		};
		AA6D0E4626A4D35800B96BD6 /* Products */ = {
			isa = PBXGroup;
			children = (
				AA6D0E4526A4D35800B96BD6 /* TrackMyMedications.app */,
			);
			name = Products;
			sourceTree = "<group>";
		};
		AA6D0E4726A4D35800B96BD6 /* TrackMyMedications */ = {
			isa = PBXGroup;
			children = (
				AA6D0E6B26A6688600B96BD6 /* TrackMyMedications.entitlements */,
				AA6D0E4826A4D35800B96BD6 /* TrackMyMedicationsApp.swift */,
				AA6D0E5B26A4D52400B96BD6 /* menu.json */,
				AA6D0E4A26A4D35800B96BD6 /* ContentView.swift */,
				AA6D0E5D26A4D9E500B96BD6 /* MedicationView.swift */,
				AA6D0E6126A4DB6D00B96BD6 /* MedicationRow.swift */,
				AA6D0E6326A4DBC900B96BD6 /* MedicationDetail.swift */,
				AA6D0E5F26A4DA0100B96BD6 /* HistoryView.swift */,
				AA6D0E6926A516A100B96BD6 /* ResetMedicationsView.swift */,
				AA6D0E6726A500BF00B96BD6 /* History.swift */,
				AA6D0E5926A4D51800B96BD6 /* Helper.swift */,
				AA6D0E5726A4D37100B96BD6 /* Menu.swift */,
				AA6D0E4C26A4D35A00B96BD6 /* Assets.xcassets */,
				AA6D0E5126A4D35A00B96BD6 /* Info.plist */,
				AA6D0E4E26A4D35A00B96BD6 /* Preview Content */,
			);
			path = TrackMyMedications;
			sourceTree = "<group>";
		};
		AA6D0E4E26A4D35A00B96BD6 /* Preview Content */ = {
			isa = PBXGroup;
			children = (
				AA6D0E4F26A4D35A00B96BD6 /* Preview Assets.xcassets */,
			);
			path = "Preview Content";
			sourceTree = "<group>";
		};
/* End PBXGroup section */

/* Begin PBXNativeTarget section */
		AA6D0E4426A4D35800B96BD6 /* TrackMyMedications */ = {
			isa = PBXNativeTarget;
			buildConfigurationList = AA6D0E5426A4D35A00B96BD6 /* Build configuration list for PBXNativeTarget "TrackMyMedications" */;
			buildPhases = (
				AA6D0E4126A4D35800B96BD6 /* Sources */,
				AA6D0E4226A4D35800B96BD6 /* Frameworks */,
				AA6D0E4326A4D35800B96BD6 /* Resources */,
			);
			buildRules = (
			);
			dependencies = (
			);
			name = TrackMyMedications;
			productName = TrackMyMedications;
			productReference = AA6D0E4526A4D35800B96BD6 /* TrackMyMedications.app */;
			productType = "com.apple.product-type.application";
		};
/* End PBXNativeTarget section */

/* Begin PBXProject section */
		AA6D0E3D26A4D35800B96BD6 /* Project object */ = {
			isa = PBXProject;
			attributes = {
				LastSwiftUpdateCheck = 1250;
				LastUpgradeCheck = 1250;
				TargetAttributes = {
					AA6D0E4426A4D35800B96BD6 = {
						CreatedOnToolsVersion = 12.5.1;
					};
				};
			};
			buildConfigurationList = AA6D0E4026A4D35800B96BD6 /* Build configuration list for PBXProject "TrackMyMedications" */;
			compatibilityVersion = "Xcode 9.3";
			developmentRegion = en;
			hasScannedForEncodings = 0;
			knownRegions = (
				en,
				Base,
			);
			mainGroup = AA6D0E3C26A4D35800B96BD6;
			productRefGroup = AA6D0E4626A4D35800B96BD6 /* Products */;
			projectDirPath = "";
			projectRoot = "";
			targets = (
				AA6D0E4426A4D35800B96BD6 /* TrackMyMedications */,
			);
		};
/* End PBXProject section */

/* Begin PBXResourcesBuildPhase section */
		AA6D0E4326A4D35800B96BD6 /* Resources */ = {
			isa = PBXResourcesBuildPhase;
			buildActionMask = 2147483647;
			files = (
				AA6D0E5C26A4D52400B96BD6 /* menu.json in Resources */,
				AA6D0E5026A4D35A00B96BD6 /* Preview Assets.xcassets in Resources */,
				AA6D0E4D26A4D35A00B96BD6 /* Assets.xcassets in Resources */,
			);
			runOnlyForDeploymentPostprocessing = 0;
		};
/* End PBXResourcesBuildPhase section */

/* Begin PBXSourcesBuildPhase section */
		AA6D0E4126A4D35800B96BD6 /* Sources */ = {
			isa = PBXSourcesBuildPhase;
			buildActionMask = 2147483647;
			files = (
				AA6D0E6826A500BF00B96BD6 /* History.swift in Sources */,
				AA6D0E5826A4D37100B96BD6 /* Menu.swift in Sources */,
				AA6D0E6426A4DBC900B96BD6 /* MedicationDetail.swift in Sources */,
				AA6D0E6026A4DA0100B96BD6 /* HistoryView.swift in Sources */,
				AA6D0E6A26A516A100B96BD6 /* ResetMedicationsView.swift in Sources */,
				AA6D0E5E26A4D9E500B96BD6 /* MedicationView.swift in Sources */,
				AA6D0E6226A4DB6D00B96BD6 /* MedicationRow.swift in Sources */,
				AA6D0E4B26A4D35800B96BD6 /* ContentView.swift in Sources */,
				AA6D0E4926A4D35800B96BD6 /* TrackMyMedicationsApp.swift in Sources */,
				AA6D0E5A26A4D51800B96BD6 /* Helper.swift in Sources */,
			);
			runOnlyForDeploymentPostprocessing = 0;
		};
/* End PBXSourcesBuildPhase section */

/* Begin XCBuildConfiguration section */
		AA6D0E5226A4D35A00B96BD6 /* Debug */ = {
			isa = XCBuildConfiguration;
			buildSettings = {
				ALWAYS_SEARCH_USER_PATHS = NO;
				CLANG_ANALYZER_NONNULL = YES;
				CLANG_ANALYZER_NUMBER_OBJECT_CONVERSION = YES_AGGRESSIVE;
				CLANG_CXX_LANGUAGE_STANDARD = "gnu++14";
				CLANG_CXX_LIBRARY = "libc++";
				CLANG_ENABLE_MODULES = YES;
				CLANG_ENABLE_OBJC_ARC = YES;
				CLANG_ENABLE_OBJC_WEAK = YES;
				CLANG_WARN_BLOCK_CAPTURE_AUTORELEASING = YES;
				CLANG_WARN_BOOL_CONVERSION = YES;
				CLANG_WARN_COMMA = YES;
				CLANG_WARN_CONSTANT_CONVERSION = YES;
				CLANG_WARN_DEPRECATED_OBJC_IMPLEMENTATIONS = YES;
				CLANG_WARN_DIRECT_OBJC_ISA_USAGE = YES_ERROR;
				CLANG_WARN_DOCUMENTATION_COMMENTS = YES;
				CLANG_WARN_EMPTY_BODY = YES;
				CLANG_WARN_ENUM_CONVERSION = YES;
				CLANG_WARN_INFINITE_RECURSION = YES;
				CLANG_WARN_INT_CONVERSION = YES;
				CLANG_WARN_NON_LITERAL_NULL_CONVERSION = YES;
				CLANG_WARN_OBJC_IMPLICIT_RETAIN_SELF = YES;
				CLANG_WARN_OBJC_LITERAL_CONVERSION = YES;
				CLANG_WARN_OBJC_ROOT_CLASS = YES_ERROR;
				CLANG_WARN_QUOTED_INCLUDE_IN_FRAMEWORK_HEADER = YES;
				CLANG_WARN_RANGE_LOOP_ANALYSIS = YES;
				CLANG_WARN_STRICT_PROTOTYPES = YES;
				CLANG_WARN_SUSPICIOUS_MOVE = YES;
				CLANG_WARN_UNGUARDED_AVAILABILITY = YES_AGGRESSIVE;
				CLANG_WARN_UNREACHABLE_CODE = YES;
				CLANG_WARN__DUPLICATE_METHOD_MATCH = YES;
				COPY_PHASE_STRIP = NO;
				DEBUG_INFORMATION_FORMAT = dwarf;
				ENABLE_STRICT_OBJC_MSGSEND = YES;
				ENABLE_TESTABILITY = YES;
				GCC_C_LANGUAGE_STANDARD = gnu11;
				GCC_DYNAMIC_NO_PIC = NO;
				GCC_NO_COMMON_BLOCKS = YES;
				GCC_OPTIMIZATION_LEVEL = 0;
				GCC_PREPROCESSOR_DEFINITIONS = (
					"DEBUG=1",
					"$(inherited)",
				);
				GCC_WARN_64_TO_32_BIT_CONVERSION = YES;
				GCC_WARN_ABOUT_RETURN_TYPE = YES_ERROR;
				GCC_WARN_UNDECLARED_SELECTOR = YES;
				GCC_WARN_UNINITIALIZED_AUTOS = YES_AGGRESSIVE;
				GCC_WARN_UNUSED_FUNCTION = YES;
				GCC_WARN_UNUSED_VARIABLE = YES;
				IPHONEOS_DEPLOYMENT_TARGET = 14.5;
				MTL_ENABLE_DEBUG_INFO = INCLUDE_SOURCE;
				MTL_FAST_MATH = YES;
				ONLY_ACTIVE_ARCH = YES;
				SDKROOT = iphoneos;
				SWIFT_ACTIVE_COMPILATION_CONDITIONS = DEBUG;
				SWIFT_OPTIMIZATION_LEVEL = "-Onone";
			};
			name = Debug;
		};
		AA6D0E5326A4D35A00B96BD6 /* Release */ = {
			isa = XCBuildConfiguration;
			buildSettings = {
				ALWAYS_SEARCH_USER_PATHS = NO;
				CLANG_ANALYZER_NONNULL = YES;
				CLANG_ANALYZER_NUMBER_OBJECT_CONVERSION = YES_AGGRESSIVE;
				CLANG_CXX_LANGUAGE_STANDARD = "gnu++14";
				CLANG_CXX_LIBRARY = "libc++";
				CLANG_ENABLE_MODULES = YES;
				CLANG_ENABLE_OBJC_ARC = YES;
				CLANG_ENABLE_OBJC_WEAK = YES;
				CLANG_WARN_BLOCK_CAPTURE_AUTORELEASING = YES;
				CLANG_WARN_BOOL_CONVERSION = YES;
				CLANG_WARN_COMMA = YES;
				CLANG_WARN_CONSTANT_CONVERSION = YES;
				CLANG_WARN_DEPRECATED_OBJC_IMPLEMENTATIONS = YES;
				CLANG_WARN_DIRECT_OBJC_ISA_USAGE = YES_ERROR;
				CLANG_WARN_DOCUMENTATION_COMMENTS = YES;
				CLANG_WARN_EMPTY_BODY = YES;
				CLANG_WARN_ENUM_CONVERSION = YES;
				CLANG_WARN_INFINITE_RECURSION = YES;
				CLANG_WARN_INT_CONVERSION = YES;
				CLANG_WARN_NON_LITERAL_NULL_CONVERSION = YES;
				CLANG_WARN_OBJC_IMPLICIT_RETAIN_SELF = YES;
				CLANG_WARN_OBJC_LITERAL_CONVERSION = YES;
				CLANG_WARN_OBJC_ROOT_CLASS = YES_ERROR;
				CLANG_WARN_QUOTED_INCLUDE_IN_FRAMEWORK_HEADER = YES;
				CLANG_WARN_RANGE_LOOP_ANALYSIS = YES;
				CLANG_WARN_STRICT_PROTOTYPES = YES;
				CLANG_WARN_SUSPICIOUS_MOVE = YES;
				CLANG_WARN_UNGUARDED_AVAILABILITY = YES_AGGRESSIVE;
				CLANG_WARN_UNREACHABLE_CODE = YES;
				CLANG_WARN__DUPLICATE_METHOD_MATCH = YES;
				COPY_PHASE_STRIP = NO;
				DEBUG_INFORMATION_FORMAT = "dwarf-with-dsym";
				ENABLE_NS_ASSERTIONS = NO;
				ENABLE_STRICT_OBJC_MSGSEND = YES;
				GCC_C_LANGUAGE_STANDARD = gnu11;
				GCC_NO_COMMON_BLOCKS = YES;
				GCC_WARN_64_TO_32_BIT_CONVERSION = YES;
				GCC_WARN_ABOUT_RETURN_TYPE = YES_ERROR;
				GCC_WARN_UNDECLARED_SELECTOR = YES;
				GCC_WARN_UNINITIALIZED_AUTOS = YES_AGGRESSIVE;
				GCC_WARN_UNUSED_FUNCTION = YES;
				GCC_WARN_UNUSED_VARIABLE = YES;
				IPHONEOS_DEPLOYMENT_TARGET = 14.5;
				MTL_ENABLE_DEBUG_INFO = NO;
				MTL_FAST_MATH = YES;
				SDKROOT = iphoneos;
				SWIFT_COMPILATION_MODE = wholemodule;
				SWIFT_OPTIMIZATION_LEVEL = "-O";
				VALIDATE_PRODUCT = YES;
			};
			name = Release;
		};
		AA6D0E5526A4D35A00B96BD6 /* Debug */ = {
			isa = XCBuildConfiguration;
			buildSettings = {
				ASSETCATALOG_COMPILER_APPICON_NAME = AppIcon;
				ASSETCATALOG_COMPILER_GLOBAL_ACCENT_COLOR_NAME = AccentColor;
				CODE_SIGN_ENTITLEMENTS = TrackMyMedications/TrackMyMedications.entitlements;
				CODE_SIGN_STYLE = Automatic;
				CURRENT_PROJECT_VERSION = 3;
				DEVELOPMENT_ASSET_PATHS = "\"TrackMyMedications/Preview Content\"";
				DEVELOPMENT_TEAM = T4JB96P77H;
				ENABLE_PREVIEWS = YES;
				INFOPLIST_FILE = TrackMyMedications/Info.plist;
				IPHONEOS_DEPLOYMENT_TARGET = 14.0;
				LD_RUNPATH_SEARCH_PATHS = (
					"$(inherited)",
					"@executable_path/Frameworks",
				);
				PRODUCT_BUNDLE_IDENTIFIER = world.aiclub.TrackMyMedications;
				PRODUCT_NAME = "$(TARGET_NAME)";
				SUPPORTS_MACCATALYST = YES;
				SWIFT_VERSION = 5.0;
				TARGETED_DEVICE_FAMILY = "1,2";
			};
			name = Debug;
		};
		AA6D0E5626A4D35A00B96BD6 /* Release */ = {
			isa = XCBuildConfiguration;
			buildSettings = {
				ASSETCATALOG_COMPILER_APPICON_NAME = AppIcon;
				ASSETCATALOG_COMPILER_GLOBAL_ACCENT_COLOR_NAME = AccentColor;
				CODE_SIGN_ENTITLEMENTS = TrackMyMedications/TrackMyMedications.entitlements;
				CODE_SIGN_STYLE = Automatic;
				CURRENT_PROJECT_VERSION = 3;
				DEVELOPMENT_ASSET_PATHS = "\"TrackMyMedications/Preview Content\"";
				DEVELOPMENT_TEAM = T4JB96P77H;
				ENABLE_PREVIEWS = YES;
				INFOPLIST_FILE = TrackMyMedications/Info.plist;
				IPHONEOS_DEPLOYMENT_TARGET = 14.0;
				LD_RUNPATH_SEARCH_PATHS = (
					"$(inherited)",
					"@executable_path/Frameworks",
				);
				PRODUCT_BUNDLE_IDENTIFIER = world.aiclub.TrackMyMedications;
				PRODUCT_NAME = "$(TARGET_NAME)";
				SUPPORTS_MACCATALYST = YES;
				SWIFT_VERSION = 5.0;
				TARGETED_DEVICE_FAMILY = "1,2";
			};
			name = Release;
		};
/* End XCBuildConfiguration section */

/* Begin XCConfigurationList section */
		AA6D0E4026A4D35800B96BD6 /* Build configuration list for PBXProject "TrackMyMedications" */ = {
			isa = XCConfigurationList;
			buildConfigurations = (
				AA6D0E5226A4D35A00B96BD6 /* Debug */,
				AA6D0E5326A4D35A00B96BD6 /* Release */,
			);
			defaultConfigurationIsVisible = 0;
			defaultConfigurationName = Release;
		};
		AA6D0E5426A4D35A00B96BD6 /* Build configuration list for PBXNativeTarget "TrackMyMedications" */ = {
			isa = XCConfigurationList;
			buildConfigurations = (
				AA6D0E5526A4D35A00B96BD6 /* Debug */,
				AA6D0E5626A4D35A00B96BD6 /* Release */,
			);
			defaultConfigurationIsVisible = 0;
			defaultConfigurationName = Release;
		};
/* End XCConfigurationList section */
	};
	rootObject = AA6D0E3D26A4D35800B96BD6 /* Project object */;
}
